
Microsoft Visual Studio Solution File, Format Version 12.00
# Visual Studio Version 17
VisualStudioVersion = 17.7.34009.444
MinimumVisualStudioVersion = 10.0.40219.1
Project("{FAE04EC0-301F-11D3-BF4B-00C04F79EFBC}") = "MIS3013_Exam2_JackChavers", "MIS3013_Exam2_JackChavers\MIS3013_Exam2_JackChavers.csproj", "{3E52AB6A-C016-4313-B9FA-96FA53C461AE}"
EndProject
Global
	GlobalSection(SolutionConfigurationPlatforms) = preSolution
		Debug|Any CPU = Debug|Any CPU
		Release|Any CPU = Release|Any CPU
	EndGlobalSection
	GlobalSection(ProjectConfigurationPlatforms) = postSolution
		{3E52AB6A-C016-4313-B9FA-96FA53C461AE}.Debug|Any CPU.ActiveCfg = Debug|Any CPU
		{3E52AB6A-C016-4313-B9FA-96FA53C461AE}.Debug|Any CPU.Build.0 = Debug|Any CPU
		{3E52AB6A-C016-4313-B9FA-96FA53C461AE}.Release|Any CPU.ActiveCfg = Release|Any CPU
		{3E52AB6A-C016-4313-B9FA-96FA53C461AE}.Release|Any CPU.Build.0 = Release|Any CPU
	EndGlobalSection
	GlobalSection(SolutionProperties) = preSolution
		HideSolutionNode = FALSE
	EndGlobalSection
	GlobalSection(ExtensibilityGlobals) = postSolution
		SolutionGuid = {69A25997-0160-4040-9C8A-FC27F5A27E96}
	EndGlobalSection
EndGlobal
